
Microsoft Visual Studio Solution File, Format Version 12.00
# Visual Studio 15
VisualStudioVersion = 15.0.26730.12
MinimumVisualStudioVersion = 10.0.40219.1
Project("{FAE04EC0-301F-11D3-BF4B-00C04F79EFBC}") = "Solution1.MVC", "Solution1.MVC\Solution1.MVC.csproj", "{A2FE50CB-410B-4738-87F9-38D78FB21B17}"
EndProject
Project("{FAE04EC0-301F-11D3-BF4B-00C04F79EFBC}") = "Solution1.Data", "Solution1.Data\Solution1.Data.csproj", "{4BE27A97-6953-411B-A890-8EDCED7D001A}"
EndProject
Global
	GlobalSection(SolutionConfigurationPlatforms) = preSolution
		Debug|Any CPU = Debug|Any CPU
		Release|Any CPU = Release|Any CPU
	EndGlobalSection
	GlobalSection(ProjectConfigurationPlatforms) = postSolution
		{A2FE50CB-410B-4738-87F9-38D78FB21B17}.Debug|Any CPU.ActiveCfg = Debug|Any CPU
		{A2FE50CB-410B-4738-87F9-38D78FB21B17}.Debug|Any CPU.Build.0 = Debug|Any CPU
		{A2FE50CB-410B-4738-87F9-38D78FB21B17}.Release|Any CPU.ActiveCfg = Release|Any CPU
		{A2FE50CB-410B-4738-87F9-38D78FB21B17}.Release|Any CPU.Build.0 = Release|Any CPU
		{4BE27A97-6953-411B-A890-8EDCED7D001A}.Debug|Any CPU.ActiveCfg = Debug|Any CPU
		{4BE27A97-6953-411B-A890-8EDCED7D001A}.Debug|Any CPU.Build.0 = Debug|Any CPU
		{4BE27A97-6953-411B-A890-8EDCED7D001A}.Release|Any CPU.ActiveCfg = Release|Any CPU
		{4BE27A97-6953-411B-A890-8EDCED7D001A}.Release|Any CPU.Build.0 = Release|Any CPU
	EndGlobalSection
	GlobalSection(SolutionProperties) = preSolution
		HideSolutionNode = FALSE
	EndGlobalSection
	GlobalSection(ExtensibilityGlobals) = postSolution
		SolutionGuid = {5C4AE5C5-98FF-44AE-9A6A-E3692E26C2E2}
	EndGlobalSection
EndGlobal
